
Microsoft Visual Studio Solution File, Format Version 12.00
# Visual Studio 15
VisualStudioVersion = 15.0.28010.2050
MinimumVisualStudioVersion = 10.0.40219.1
Project("{FAE04EC0-301F-11D3-BF4B-00C04F79EFBC}") = "BookViewerApp2", "BookViewerApp2\BookViewerApp2.csproj", "{740193E0-F66F-4155-8952-E4EEC91FA5BB}"
EndProject
Global
	GlobalSection(SolutionConfigurationPlatforms) = preSolution
		Debug|ARM = Debug|ARM
		Debug|x64 = Debug|x64
		Debug|x86 = Debug|x86
		Release|ARM = Release|ARM
		Release|x64 = Release|x64
		Release|x86 = Release|x86
	EndGlobalSection
	GlobalSection(ProjectConfigurationPlatforms) = postSolution
		{740193E0-F66F-4155-8952-E4EEC91FA5BB}.Debug|ARM.ActiveCfg = Debug|ARM
		{740193E0-F66F-4155-8952-E4EEC91FA5BB}.Debug|ARM.Build.0 = Debug|ARM
		{740193E0-F66F-4155-8952-E4EEC91FA5BB}.Debug|ARM.Deploy.0 = Debug|ARM
		{740193E0-F66F-4155-8952-E4EEC91FA5BB}.Debug|x64.ActiveCfg = Debug|x64
		{740193E0-F66F-4155-8952-E4EEC91FA5BB}.Debug|x64.Build.0 = Debug|x64
		{740193E0-F66F-4155-8952-E4EEC91FA5BB}.Debug|x64.Deploy.0 = Debug|x64
		{740193E0-F66F-4155-8952-E4EEC91FA5BB}.Debug|x86.ActiveCfg = Debug|x86
		{740193E0-F66F-4155-8952-E4EEC91FA5BB}.Debug|x86.Build.0 = Debug|x86
		{740193E0-F66F-4155-8952-E4EEC91FA5BB}.Debug|x86.Deploy.0 = Debug|x86
		{740193E0-F66F-4155-8952-E4EEC91FA5BB}.Release|ARM.ActiveCfg = Release|ARM
		{740193E0-F66F-4155-8952-E4EEC91FA5BB}.Release|ARM.Build.0 = Release|ARM
		{740193E0-F66F-4155-8952-E4EEC91FA5BB}.Release|ARM.Deploy.0 = Release|ARM
		{740193E0-F66F-4155-8952-E4EEC91FA5BB}.Release|x64.ActiveCfg = Release|x64
		{740193E0-F66F-4155-8952-E4EEC91FA5BB}.Release|x64.Build.0 = Release|x64
		{740193E0-F66F-4155-8952-E4EEC91FA5BB}.Release|x64.Deploy.0 = Release|x64
		{740193E0-F66F-4155-8952-E4EEC91FA5BB}.Release|x86.ActiveCfg = Release|x86
		{740193E0-F66F-4155-8952-E4EEC91FA5BB}.Release|x86.Build.0 = Release|x86
		{740193E0-F66F-4155-8952-E4EEC91FA5BB}.Release|x86.Deploy.0 = Release|x86
	EndGlobalSection
	GlobalSection(SolutionProperties) = preSolution
		HideSolutionNode = FALSE
	EndGlobalSection
	GlobalSection(ExtensibilityGlobals) = postSolution
		SolutionGuid = {D2478C9D-FAE6-43A2-B8A4-30A462A02F78}
	EndGlobalSection
EndGlobal
