
Microsoft Visual Studio Solution File, Format Version 12.00
# Visual Studio Version 16
VisualStudioVersion = 16.0.28729.10
MinimumVisualStudioVersion = 10.0.40219.1
Project("{FAE04EC0-301F-11D3-BF4B-00C04F79EFBC}") = "BookViewerApp2", "BookViewerApp2\BookViewerApp2.csproj", "{60852EDA-41C4-4C24-9538-64534AD8A937}"
EndProject
Project("{FAE04EC0-301F-11D3-BF4B-00C04F79EFBC}") = "BookViewerApp2.Common", "BookViewerApp2.Common\BookViewerApp2.Common.csproj", "{AAFD16F0-2A11-4146-931C-FEAC44B807AF}"
EndProject
Project("{FAE04EC0-301F-11D3-BF4B-00C04F79EFBC}") = "BookViewerApp2.UWP.Viewer", "BookViewerApp2.UWP.Viewer\BookViewerApp2.UWP.Viewer.csproj", "{4374F4C5-EFEA-4FAE-9E80-60085F6479AE}"
EndProject
Global
	GlobalSection(SolutionConfigurationPlatforms) = preSolution
		Debug|Any CPU = Debug|Any CPU
		Debug|ARM = Debug|ARM
		Debug|ARM64 = Debug|ARM64
		Debug|x64 = Debug|x64
		Debug|x86 = Debug|x86
		Release|Any CPU = Release|Any CPU
		Release|ARM = Release|ARM
		Release|ARM64 = Release|ARM64
		Release|x64 = Release|x64
		Release|x86 = Release|x86
	EndGlobalSection
	GlobalSection(ProjectConfigurationPlatforms) = postSolution
		{60852EDA-41C4-4C24-9538-64534AD8A937}.Debug|Any CPU.ActiveCfg = Debug|x86
		{60852EDA-41C4-4C24-9538-64534AD8A937}.Debug|ARM.ActiveCfg = Debug|ARM
		{60852EDA-41C4-4C24-9538-64534AD8A937}.Debug|ARM.Build.0 = Debug|ARM
		{60852EDA-41C4-4C24-9538-64534AD8A937}.Debug|ARM.Deploy.0 = Debug|ARM
		{60852EDA-41C4-4C24-9538-64534AD8A937}.Debug|ARM64.ActiveCfg = Debug|ARM64
		{60852EDA-41C4-4C24-9538-64534AD8A937}.Debug|ARM64.Build.0 = Debug|ARM64
		{60852EDA-41C4-4C24-9538-64534AD8A937}.Debug|ARM64.Deploy.0 = Debug|ARM64
		{60852EDA-41C4-4C24-9538-64534AD8A937}.Debug|x64.ActiveCfg = Debug|x64
		{60852EDA-41C4-4C24-9538-64534AD8A937}.Debug|x64.Build.0 = Debug|x64
		{60852EDA-41C4-4C24-9538-64534AD8A937}.Debug|x64.Deploy.0 = Debug|x64
		{60852EDA-41C4-4C24-9538-64534AD8A937}.Debug|x86.ActiveCfg = Debug|x86
		{60852EDA-41C4-4C24-9538-64534AD8A937}.Debug|x86.Build.0 = Debug|x86
		{60852EDA-41C4-4C24-9538-64534AD8A937}.Debug|x86.Deploy.0 = Debug|x86
		{60852EDA-41C4-4C24-9538-64534AD8A937}.Release|Any CPU.ActiveCfg = Release|x86
		{60852EDA-41C4-4C24-9538-64534AD8A937}.Release|ARM.ActiveCfg = Release|ARM
		{60852EDA-41C4-4C24-9538-64534AD8A937}.Release|ARM.Build.0 = Release|ARM
		{60852EDA-41C4-4C24-9538-64534AD8A937}.Release|ARM.Deploy.0 = Release|ARM
		{60852EDA-41C4-4C24-9538-64534AD8A937}.Release|ARM64.ActiveCfg = Release|ARM64
		{60852EDA-41C4-4C24-9538-64534AD8A937}.Release|ARM64.Build.0 = Release|ARM64
		{60852EDA-41C4-4C24-9538-64534AD8A937}.Release|ARM64.Deploy.0 = Release|ARM64
		{60852EDA-41C4-4C24-9538-64534AD8A937}.Release|x64.ActiveCfg = Release|x64
		{60852EDA-41C4-4C24-9538-64534AD8A937}.Release|x64.Build.0 = Release|x64
		{60852EDA-41C4-4C24-9538-64534AD8A937}.Release|x64.Deploy.0 = Release|x64
		{60852EDA-41C4-4C24-9538-64534AD8A937}.Release|x86.ActiveCfg = Release|x86
		{60852EDA-41C4-4C24-9538-64534AD8A937}.Release|x86.Build.0 = Release|x86
		{60852EDA-41C4-4C24-9538-64534AD8A937}.Release|x86.Deploy.0 = Release|x86
		{AAFD16F0-2A11-4146-931C-FEAC44B807AF}.Debug|Any CPU.ActiveCfg = Debug|Any CPU
		{AAFD16F0-2A11-4146-931C-FEAC44B807AF}.Debug|Any CPU.Build.0 = Debug|Any CPU
		{AAFD16F0-2A11-4146-931C-FEAC44B807AF}.Debug|ARM.ActiveCfg = Debug|Any CPU
		{AAFD16F0-2A11-4146-931C-FEAC44B807AF}.Debug|ARM.Build.0 = Debug|Any CPU
		{AAFD16F0-2A11-4146-931C-FEAC44B807AF}.Debug|ARM64.ActiveCfg = Debug|Any CPU
		{AAFD16F0-2A11-4146-931C-FEAC44B807AF}.Debug|ARM64.Build.0 = Debug|Any CPU
		{AAFD16F0-2A11-4146-931C-FEAC44B807AF}.Debug|x64.ActiveCfg = Debug|Any CPU
		{AAFD16F0-2A11-4146-931C-FEAC44B807AF}.Debug|x64.Build.0 = Debug|Any CPU
		{AAFD16F0-2A11-4146-931C-FEAC44B807AF}.Debug|x86.ActiveCfg = Debug|Any CPU
		{AAFD16F0-2A11-4146-931C-FEAC44B807AF}.Debug|x86.Build.0 = Debug|Any CPU
		{AAFD16F0-2A11-4146-931C-FEAC44B807AF}.Release|Any CPU.ActiveCfg = Release|Any CPU
		{AAFD16F0-2A11-4146-931C-FEAC44B807AF}.Release|Any CPU.Build.0 = Release|Any CPU
		{AAFD16F0-2A11-4146-931C-FEAC44B807AF}.Release|ARM.ActiveCfg = Release|Any CPU
		{AAFD16F0-2A11-4146-931C-FEAC44B807AF}.Release|ARM.Build.0 = Release|Any CPU
		{AAFD16F0-2A11-4146-931C-FEAC44B807AF}.Release|ARM64.ActiveCfg = Release|Any CPU
		{AAFD16F0-2A11-4146-931C-FEAC44B807AF}.Release|ARM64.Build.0 = Release|Any CPU
		{AAFD16F0-2A11-4146-931C-FEAC44B807AF}.Release|x64.ActiveCfg = Release|Any CPU
		{AAFD16F0-2A11-4146-931C-FEAC44B807AF}.Release|x64.Build.0 = Release|Any CPU
		{AAFD16F0-2A11-4146-931C-FEAC44B807AF}.Release|x86.ActiveCfg = Release|Any CPU
		{AAFD16F0-2A11-4146-931C-FEAC44B807AF}.Release|x86.Build.0 = Release|Any CPU
		{4374F4C5-EFEA-4FAE-9E80-60085F6479AE}.Debug|Any CPU.ActiveCfg = Debug|Any CPU
		{4374F4C5-EFEA-4FAE-9E80-60085F6479AE}.Debug|Any CPU.Build.0 = Debug|Any CPU
		{4374F4C5-EFEA-4FAE-9E80-60085F6479AE}.Debug|ARM.ActiveCfg = Debug|ARM
		{4374F4C5-EFEA-4FAE-9E80-60085F6479AE}.Debug|ARM.Build.0 = Debug|ARM
		{4374F4C5-EFEA-4FAE-9E80-60085F6479AE}.Debug|ARM64.ActiveCfg = Debug|ARM64
		{4374F4C5-EFEA-4FAE-9E80-60085F6479AE}.Debug|ARM64.Build.0 = Debug|ARM64
		{4374F4C5-EFEA-4FAE-9E80-60085F6479AE}.Debug|x64.ActiveCfg = Debug|x64
		{4374F4C5-EFEA-4FAE-9E80-60085F6479AE}.Debug|x64.Build.0 = Debug|x64
		{4374F4C5-EFEA-4FAE-9E80-60085F6479AE}.Debug|x86.ActiveCfg = Debug|x86
		{4374F4C5-EFEA-4FAE-9E80-60085F6479AE}.Debug|x86.Build.0 = Debug|x86
		{4374F4C5-EFEA-4FAE-9E80-60085F6479AE}.Release|Any CPU.ActiveCfg = Release|Any CPU
		{4374F4C5-EFEA-4FAE-9E80-60085F6479AE}.Release|Any CPU.Build.0 = Release|Any CPU
		{4374F4C5-EFEA-4FAE-9E80-60085F6479AE}.Release|ARM.ActiveCfg = Release|ARM
		{4374F4C5-EFEA-4FAE-9E80-60085F6479AE}.Release|ARM.Build.0 = Release|ARM
		{4374F4C5-EFEA-4FAE-9E80-60085F6479AE}.Release|ARM64.ActiveCfg = Release|ARM64
		{4374F4C5-EFEA-4FAE-9E80-60085F6479AE}.Release|ARM64.Build.0 = Release|ARM64
		{4374F4C5-EFEA-4FAE-9E80-60085F6479AE}.Release|x64.ActiveCfg = Release|x64
		{4374F4C5-EFEA-4FAE-9E80-60085F6479AE}.Release|x64.Build.0 = Release|x64
		{4374F4C5-EFEA-4FAE-9E80-60085F6479AE}.Release|x86.ActiveCfg = Release|x86
		{4374F4C5-EFEA-4FAE-9E80-60085F6479AE}.Release|x86.Build.0 = Release|x86
	EndGlobalSection
	GlobalSection(SolutionProperties) = preSolution
		HideSolutionNode = FALSE
	EndGlobalSection
	GlobalSection(ExtensibilityGlobals) = postSolution
		SolutionGuid = {10492695-3268-4144-B3E9-2A2DC54FB08B}
	EndGlobalSection
EndGlobal
